# SYSTEM-OWNED - do not edit, edits here are overwritten. Written by the DSL teaching
# toolkit from each assignment's `grading_config.yml`, one entry per assignment in
# `schedule.yml`. Faculty change an assignment by editing its own `grading_config.yml` on
# the course template's `solution` branch; this file catches up next sync.
#
# The Join-team form in this semester's `join` repo reads THIS FILE and nothing else.
#
#   team_formation: self_select   students form their own teams with the Join-team form
#                   assigned      the teaching team writes teams.csv; the form refuses
#                   none          an individual assignment; the form refuses
#   max_team_size:  the cap the form enforces (group assignments only)
#   team_formation_window:
#                   open      students may form teams for it now
#                   pending   handed out later; the window has not opened yet
#                   closed    the window has shut, or there is no date to open it on
#                   none      not a self-select group assignment, so there is no window
#   team_formation_closes:
#                   the date that window shuts, bare ISO (`2026-10-04`), for the refusal
#                   to name - empty when there is no window, or no date to give
#   team_formation_page:
#                   the assignment's page on the semester site, which lists the teams that
#                   exist - for the refusal to link; empty for anything not self-select
#
# An assignment whose course template does not exist yet is locked to `none`:
# until the template says what it is, nobody can mint a GitHub team for it.

assignments:
  assignment-1:
    team_formation: none
    max_team_size: 3
    team_formation_window: none
    team_formation_closes:
    team_formation_page:
  assignment-2:
    team_formation: none
    max_team_size: 3
    team_formation_window: none
    team_formation_closes:
    team_formation_page:
  assignment-3-project:
    team_formation: self_select
    max_team_size: 3
    team_formation_window: open
    team_formation_closes: 2026-10-26
    team_formation_page: https://hertie-data-science-lab.github.io/dsl-teaching-toolkit/?semester=hertie-dsl-demo-f2026#join
  assignment-4:
    team_formation: none
    max_team_size: 3
    team_formation_window: none
    team_formation_closes:
    team_formation_page:
  assignment-5:
    team_formation: none
    max_team_size: 3
    team_formation_window: none
    team_formation_closes:
    team_formation_page:
  assignment-6:
    team_formation: none
    max_team_size: 3
    team_formation_window: none
    team_formation_closes:
    team_formation_page:
  assignment-7:
    team_formation: none
    max_team_size: 3
    team_formation_window: none
    team_formation_closes:
    team_formation_page:
  assignment-8:
    team_formation: none
    max_team_size: 3
    team_formation_window: none
    team_formation_closes:
    team_formation_page:
